
Microsoft Visual Studio Solution File, Format Version 12.00
# Visual Studio Version 16
VisualStudioVersion = 16.0.33328.57
MinimumVisualStudioVersion = 10.0.40219.1
Project("{8BC9CEB8-8B4A-11D0-8D11-00A0C91BC942}") = "week5", "week5.vcxproj", "{95A0A2D4-351D-48DF-BB27-BB87EEA1B9AB}"
EndProject
Global
	GlobalSection(SolutionConfigurationPlatforms) = preSolution
		Debug|x64 = Debug|x64
		Debug|x86 = Debug|x86
		Release|x64 = Release|x64
		Release|x86 = Release|x86
	EndGlobalSection
	GlobalSection(ProjectConfigurationPlatforms) = postSolution
		{95A0A2D4-351D-48DF-BB27-BB87EEA1B9AB}.Debug|x64.ActiveCfg = Debug|x64
		{95A0A2D4-351D-48DF-BB27-BB87EEA1B9AB}.Debug|x64.Build.0 = Debug|x64
		{95A0A2D4-351D-48DF-BB27-BB87EEA1B9AB}.Debug|x86.ActiveCfg = Debug|Win32
		{95A0A2D4-351D-48DF-BB27-BB87EEA1B9AB}.Debug|x86.Build.0 = Debug|Win32
		{95A0A2D4-351D-48DF-BB27-BB87EEA1B9AB}.Release|x64.ActiveCfg = Release|x64
		{95A0A2D4-351D-48DF-BB27-BB87EEA1B9AB}.Release|x64.Build.0 = Release|x64
		{95A0A2D4-351D-48DF-BB27-BB87EEA1B9AB}.Release|x86.ActiveCfg = Release|Win32
		{95A0A2D4-351D-48DF-BB27-BB87EEA1B9AB}.Release|x86.Build.0 = Release|Win32
	EndGlobalSection
	GlobalSection(SolutionProperties) = preSolution
		HideSolutionNode = FALSE
	EndGlobalSection
	GlobalSection(ExtensibilityGlobals) = postSolution
		SolutionGuid = {6312C42F-7A74-480F-B6FD-74B6557E6B7C}
	EndGlobalSection
EndGlobal
